
Microsoft Visual Studio Solution File, Format Version 12.00
# Visual Studio Version 17
VisualStudioVersion = 17.5.33530.505
MinimumVisualStudioVersion = 10.0.40219.1
Project("{FAE04EC0-301F-11D3-BF4B-00C04F79EFBC}") = "NantoNBaiFunction", "NantoNBaiFunction\NantoNBaiFunction.csproj", "{1BE49464-85E2-493D-AA14-7784986CECA0}"
EndProject
Global
	GlobalSection(SolutionConfigurationPlatforms) = preSolution
		Debug|Any CPU = Debug|Any CPU
		Release|Any CPU = Release|Any CPU
	EndGlobalSection
	GlobalSection(ProjectConfigurationPlatforms) = postSolution
		{1BE49464-85E2-493D-AA14-7784986CECA0}.Debug|Any CPU.ActiveCfg = Debug|Any CPU
		{1BE49464-85E2-493D-AA14-7784986CECA0}.Debug|Any CPU.Build.0 = Debug|Any CPU
		{1BE49464-85E2-493D-AA14-7784986CECA0}.Release|Any CPU.ActiveCfg = Release|Any CPU
		{1BE49464-85E2-493D-AA14-7784986CECA0}.Release|Any CPU.Build.0 = Release|Any CPU
	EndGlobalSection
	GlobalSection(SolutionProperties) = preSolution
		HideSolutionNode = FALSE
	EndGlobalSection
	GlobalSection(ExtensibilityGlobals) = postSolution
		SolutionGuid = {0AFB7B3B-F4EA-46A3-BC8D-99CB3B456B3B}
	EndGlobalSection
EndGlobal
