
Microsoft Visual Studio Solution File, Format Version 12.00
# Visual Studio Version 17
VisualStudioVersion = 17.5.33530.505
MinimumVisualStudioVersion = 10.0.40219.1
Project("{9A19103F-16F7-4668-BE54-9A1E7A4F7556}") = "NantoNBaiFunction", "NantoNBaiFunction\NantoNBaiFunction.csproj", "{1BE49464-85E2-493D-AA14-7784986CECA0}"
EndProject
Project("{9A19103F-16F7-4668-BE54-9A1E7A4F7556}") = "NantoNBai", "NantoNBai\NantoNBai.csproj", "{9F0D5B98-EA17-40C6-84AC-9312526A750D}"
EndProject
Project("{9A19103F-16F7-4668-BE54-9A1E7A4F7556}") = "NantoNBaiTests", "NantoNBaiTests\NantoNBaiTests.csproj", "{AA0F7759-93E2-489C-987C-D531695A6822}"
EndProject
Project("{FAE04EC0-301F-11D3-BF4B-00C04F79EFBC}") = "E2ETest", "E2ETest\E2ETest.csproj", "{A5FBA151-3B59-4B5A-BAFE-74E8587724FC}"
EndProject
Global
	GlobalSection(SolutionConfigurationPlatforms) = preSolution
		Debug|Any CPU = Debug|Any CPU
		Debug|x64 = Debug|x64
		Release|Any CPU = Release|Any CPU
		Release|x64 = Release|x64
	EndGlobalSection
	GlobalSection(ProjectConfigurationPlatforms) = postSolution
		{1BE49464-85E2-493D-AA14-7784986CECA0}.Debug|Any CPU.ActiveCfg = Debug|Any CPU
		{1BE49464-85E2-493D-AA14-7784986CECA0}.Debug|Any CPU.Build.0 = Debug|Any CPU
		{1BE49464-85E2-493D-AA14-7784986CECA0}.Debug|x64.ActiveCfg = Debug|x64
		{1BE49464-85E2-493D-AA14-7784986CECA0}.Debug|x64.Build.0 = Debug|x64
		{1BE49464-85E2-493D-AA14-7784986CECA0}.Release|Any CPU.ActiveCfg = Release|Any CPU
		{1BE49464-85E2-493D-AA14-7784986CECA0}.Release|x64.ActiveCfg = Release|x64
		{1BE49464-85E2-493D-AA14-7784986CECA0}.Release|x64.Build.0 = Release|x64
		{9F0D5B98-EA17-40C6-84AC-9312526A750D}.Debug|Any CPU.ActiveCfg = Debug|Any CPU
		{9F0D5B98-EA17-40C6-84AC-9312526A750D}.Debug|Any CPU.Build.0 = Debug|Any CPU
		{9F0D5B98-EA17-40C6-84AC-9312526A750D}.Debug|x64.ActiveCfg = Debug|x64
		{9F0D5B98-EA17-40C6-84AC-9312526A750D}.Debug|x64.Build.0 = Debug|x64
		{9F0D5B98-EA17-40C6-84AC-9312526A750D}.Release|Any CPU.ActiveCfg = Release|Any CPU
		{9F0D5B98-EA17-40C6-84AC-9312526A750D}.Release|x64.ActiveCfg = Release|x64
		{9F0D5B98-EA17-40C6-84AC-9312526A750D}.Release|x64.Build.0 = Release|x64
		{AA0F7759-93E2-489C-987C-D531695A6822}.Debug|Any CPU.ActiveCfg = Debug|Any CPU
		{AA0F7759-93E2-489C-987C-D531695A6822}.Debug|Any CPU.Build.0 = Debug|Any CPU
		{AA0F7759-93E2-489C-987C-D531695A6822}.Debug|x64.ActiveCfg = Debug|x64
		{AA0F7759-93E2-489C-987C-D531695A6822}.Debug|x64.Build.0 = Debug|x64
		{AA0F7759-93E2-489C-987C-D531695A6822}.Release|Any CPU.ActiveCfg = Release|Any CPU
		{AA0F7759-93E2-489C-987C-D531695A6822}.Release|x64.ActiveCfg = Release|x64
		{A5FBA151-3B59-4B5A-BAFE-74E8587724FC}.Debug|Any CPU.ActiveCfg = Debug|Any CPU
		{A5FBA151-3B59-4B5A-BAFE-74E8587724FC}.Debug|Any CPU.Build.0 = Debug|Any CPU
		{A5FBA151-3B59-4B5A-BAFE-74E8587724FC}.Debug|x64.ActiveCfg = Debug|x64
		{A5FBA151-3B59-4B5A-BAFE-74E8587724FC}.Debug|x64.Build.0 = Debug|x64
		{A5FBA151-3B59-4B5A-BAFE-74E8587724FC}.Release|Any CPU.ActiveCfg = Release|Any CPU
		{A5FBA151-3B59-4B5A-BAFE-74E8587724FC}.Release|x64.ActiveCfg = Release|x64
	EndGlobalSection
	GlobalSection(SolutionProperties) = preSolution
		HideSolutionNode = FALSE
	EndGlobalSection
	GlobalSection(ExtensibilityGlobals) = postSolution
		SolutionGuid = {0AFB7B3B-F4EA-46A3-BC8D-99CB3B456B3B}
	EndGlobalSection
EndGlobal
